
Microsoft Visual Studio Solution File, Format Version 12.00
# Visual Studio Version 17
VisualStudioVersion = 17.5.002.0
MinimumVisualStudioVersion = 10.0.40219.1
Project("{9A19103F-16F7-4668-BE54-9A1E7A4F7556}") = "GradeSchool", "GradeSchool.csproj", "{E2FFE329-FCB8-4A50-B04B-85F2CDF7EE53}"
EndProject
Global
	GlobalSection(SolutionConfigurationPlatforms) = preSolution
		Debug|Any CPU = Debug|Any CPU
		Release|Any CPU = Release|Any CPU
	EndGlobalSection
	GlobalSection(ProjectConfigurationPlatforms) = postSolution
		{E2FFE329-FCB8-4A50-B04B-85F2CDF7EE53}.Debug|Any CPU.ActiveCfg = Debug|Any CPU
		{E2FFE329-FCB8-4A50-B04B-85F2CDF7EE53}.Debug|Any CPU.Build.0 = Debug|Any CPU
		{E2FFE329-FCB8-4A50-B04B-85F2CDF7EE53}.Release|Any CPU.ActiveCfg = Release|Any CPU
		{E2FFE329-FCB8-4A50-B04B-85F2CDF7EE53}.Release|Any CPU.Build.0 = Release|Any CPU
	EndGlobalSection
	GlobalSection(SolutionProperties) = preSolution
		HideSolutionNode = FALSE
	EndGlobalSection
	GlobalSection(ExtensibilityGlobals) = postSolution
		SolutionGuid = {D1870D07-ED22-4B81-986D-8FE6B547B44F}
	EndGlobalSection
EndGlobal
