
Microsoft Visual Studio Solution File, Format Version 12.00
# Visual Studio Version 17
VisualStudioVersion = 17.5.002.0
MinimumVisualStudioVersion = 10.0.40219.1
Project("{9A19103F-16F7-4668-BE54-9A1E7A4F7556}") = "TheWeatherInDeather", "TheWeatherInDeather.csproj", "{06367499-3968-4B13-960D-EA8960FFCCA3}"
EndProject
Global
	GlobalSection(SolutionConfigurationPlatforms) = preSolution
		Debug|Any CPU = Debug|Any CPU
		Release|Any CPU = Release|Any CPU
	EndGlobalSection
	GlobalSection(ProjectConfigurationPlatforms) = postSolution
		{06367499-3968-4B13-960D-EA8960FFCCA3}.Debug|Any CPU.ActiveCfg = Debug|Any CPU
		{06367499-3968-4B13-960D-EA8960FFCCA3}.Debug|Any CPU.Build.0 = Debug|Any CPU
		{06367499-3968-4B13-960D-EA8960FFCCA3}.Release|Any CPU.ActiveCfg = Release|Any CPU
		{06367499-3968-4B13-960D-EA8960FFCCA3}.Release|Any CPU.Build.0 = Release|Any CPU
	EndGlobalSection
	GlobalSection(SolutionProperties) = preSolution
		HideSolutionNode = FALSE
	EndGlobalSection
	GlobalSection(ExtensibilityGlobals) = postSolution
		SolutionGuid = {99BD80B9-397D-4CD2-9D87-D9E2A9884B73}
	EndGlobalSection
EndGlobal
