
Microsoft Visual Studio Solution File, Format Version 12.00
# Visual Studio Version 17
VisualStudioVersion = 17.5.002.0
MinimumVisualStudioVersion = 10.0.40219.1
Project("{9A19103F-16F7-4668-BE54-9A1E7A4F7556}") = "EliudsEggs", "EliudsEggs.csproj", "{292097E8-9307-4F8D-A905-3F933707A6F7}"
EndProject
Global
	GlobalSection(SolutionConfigurationPlatforms) = preSolution
		Debug|Any CPU = Debug|Any CPU
		Release|Any CPU = Release|Any CPU
	EndGlobalSection
	GlobalSection(ProjectConfigurationPlatforms) = postSolution
		{292097E8-9307-4F8D-A905-3F933707A6F7}.Debug|Any CPU.ActiveCfg = Debug|Any CPU
		{292097E8-9307-4F8D-A905-3F933707A6F7}.Debug|Any CPU.Build.0 = Debug|Any CPU
		{292097E8-9307-4F8D-A905-3F933707A6F7}.Release|Any CPU.ActiveCfg = Release|Any CPU
		{292097E8-9307-4F8D-A905-3F933707A6F7}.Release|Any CPU.Build.0 = Release|Any CPU
	EndGlobalSection
	GlobalSection(SolutionProperties) = preSolution
		HideSolutionNode = FALSE
	EndGlobalSection
	GlobalSection(ExtensibilityGlobals) = postSolution
		SolutionGuid = {0A062D5B-0652-484B-958D-C41AB41ED1EC}
	EndGlobalSection
EndGlobal
