
Microsoft Visual Studio Solution File, Format Version 12.00
# Visual Studio Version 17
VisualStudioVersion = 17.5.002.0
MinimumVisualStudioVersion = 10.0.40219.1
Project("{9A19103F-16F7-4668-BE54-9A1E7A4F7556}") = "BeautySalonGoesGlobal", "BeautySalonGoesGlobal.csproj", "{0AAEF5F8-0570-4EB0-87E4-1928E2239ACC}"
EndProject
Global
	GlobalSection(SolutionConfigurationPlatforms) = preSolution
		Debug|Any CPU = Debug|Any CPU
		Release|Any CPU = Release|Any CPU
	EndGlobalSection
	GlobalSection(ProjectConfigurationPlatforms) = postSolution
		{0AAEF5F8-0570-4EB0-87E4-1928E2239ACC}.Debug|Any CPU.ActiveCfg = Debug|Any CPU
		{0AAEF5F8-0570-4EB0-87E4-1928E2239ACC}.Debug|Any CPU.Build.0 = Debug|Any CPU
		{0AAEF5F8-0570-4EB0-87E4-1928E2239ACC}.Release|Any CPU.ActiveCfg = Release|Any CPU
		{0AAEF5F8-0570-4EB0-87E4-1928E2239ACC}.Release|Any CPU.Build.0 = Release|Any CPU
	EndGlobalSection
	GlobalSection(SolutionProperties) = preSolution
		HideSolutionNode = FALSE
	EndGlobalSection
	GlobalSection(ExtensibilityGlobals) = postSolution
		SolutionGuid = {D148B7BC-10A1-4941-8619-F465CE1086BF}
	EndGlobalSection
EndGlobal
