
Microsoft Visual Studio Solution File, Format Version 12.00
# Visual Studio Version 17
VisualStudioVersion = 17.5.002.0
MinimumVisualStudioVersion = 10.0.40219.1
Project("{9A19103F-16F7-4668-BE54-9A1E7A4F7556}") = "SecretHandshake", "SecretHandshake.csproj", "{371A1FFE-B135-495F-BA6B-78D33D680BEF}"
EndProject
Global
	GlobalSection(SolutionConfigurationPlatforms) = preSolution
		Debug|Any CPU = Debug|Any CPU
		Release|Any CPU = Release|Any CPU
	EndGlobalSection
	GlobalSection(ProjectConfigurationPlatforms) = postSolution
		{371A1FFE-B135-495F-BA6B-78D33D680BEF}.Debug|Any CPU.ActiveCfg = Debug|Any CPU
		{371A1FFE-B135-495F-BA6B-78D33D680BEF}.Debug|Any CPU.Build.0 = Debug|Any CPU
		{371A1FFE-B135-495F-BA6B-78D33D680BEF}.Release|Any CPU.ActiveCfg = Release|Any CPU
		{371A1FFE-B135-495F-BA6B-78D33D680BEF}.Release|Any CPU.Build.0 = Release|Any CPU
	EndGlobalSection
	GlobalSection(SolutionProperties) = preSolution
		HideSolutionNode = FALSE
	EndGlobalSection
	GlobalSection(ExtensibilityGlobals) = postSolution
		SolutionGuid = {806C565B-8BEE-4E8F-819B-3B63DEE8B4E2}
	EndGlobalSection
EndGlobal
