
Microsoft Visual Studio Solution File, Format Version 12.00
# Visual Studio Version 17
VisualStudioVersion = 17.5.002.0
MinimumVisualStudioVersion = 10.0.40219.1
Project("{9A19103F-16F7-4668-BE54-9A1E7A4F7556}") = "WizardsAndWarriors2", "WizardsAndWarriors2.csproj", "{6231D678-90EF-405D-9683-ED727898A0DA}"
EndProject
Global
	GlobalSection(SolutionConfigurationPlatforms) = preSolution
		Debug|Any CPU = Debug|Any CPU
		Release|Any CPU = Release|Any CPU
	EndGlobalSection
	GlobalSection(ProjectConfigurationPlatforms) = postSolution
		{6231D678-90EF-405D-9683-ED727898A0DA}.Debug|Any CPU.ActiveCfg = Debug|Any CPU
		{6231D678-90EF-405D-9683-ED727898A0DA}.Debug|Any CPU.Build.0 = Debug|Any CPU
		{6231D678-90EF-405D-9683-ED727898A0DA}.Release|Any CPU.ActiveCfg = Release|Any CPU
		{6231D678-90EF-405D-9683-ED727898A0DA}.Release|Any CPU.Build.0 = Release|Any CPU
	EndGlobalSection
	GlobalSection(SolutionProperties) = preSolution
		HideSolutionNode = FALSE
	EndGlobalSection
	GlobalSection(ExtensibilityGlobals) = postSolution
		SolutionGuid = {8EF331CB-9A88-4966-AFE3-ECB9BE2776FD}
	EndGlobalSection
EndGlobal
