
Microsoft Visual Studio Solution File, Format Version 12.00
# Visual Studio Version 17
VisualStudioVersion = 17.5.002.0
MinimumVisualStudioVersion = 10.0.40219.1
Project("{9A19103F-16F7-4668-BE54-9A1E7A4F7556}") = "Faceid2", "Faceid2.csproj", "{FCCF549D-C43B-4574-8F5A-A0035B81E840}"
EndProject
Global
	GlobalSection(SolutionConfigurationPlatforms) = preSolution
		Debug|Any CPU = Debug|Any CPU
		Release|Any CPU = Release|Any CPU
	EndGlobalSection
	GlobalSection(ProjectConfigurationPlatforms) = postSolution
		{FCCF549D-C43B-4574-8F5A-A0035B81E840}.Debug|Any CPU.ActiveCfg = Debug|Any CPU
		{FCCF549D-C43B-4574-8F5A-A0035B81E840}.Debug|Any CPU.Build.0 = Debug|Any CPU
		{FCCF549D-C43B-4574-8F5A-A0035B81E840}.Release|Any CPU.ActiveCfg = Release|Any CPU
		{FCCF549D-C43B-4574-8F5A-A0035B81E840}.Release|Any CPU.Build.0 = Release|Any CPU
	EndGlobalSection
	GlobalSection(SolutionProperties) = preSolution
		HideSolutionNode = FALSE
	EndGlobalSection
	GlobalSection(ExtensibilityGlobals) = postSolution
		SolutionGuid = {D10C827B-27F1-4BB5-84FA-F65440682041}
	EndGlobalSection
EndGlobal
